// !$*UTF8*$!
{
	archiveVersion = 1;
	classes = {
	};
	objectVersion = 46;
	objects = {

/* Begin PBXBuildFile section */
		D21A2B051E66B1140041AA98 /* UILabel+DynamicFontSize.m in Sources */ = {isa = PBXBuildFile; fileRef = D21A2B041E66B1140041AA98 /* UILabel+DynamicFontSize.m */; };
		D232F1391E755D50002D24DB /* PlayerRecord.m in Sources */ = {isa = PBXBuildFile; fileRef = D232F1381E755D50002D24DB /* PlayerRecord.m */; };
		D232F1501E76CF05002D24DB /* MJExtensionConst.m in Sources */ = {isa = PBXBuildFile; fileRef = D232F13D1E76CF05002D24DB /* MJExtensionConst.m */; };
		D232F1511E76CF05002D24DB /* MJFoundation.m in Sources */ = {isa = PBXBuildFile; fileRef = D232F13F1E76CF05002D24DB /* MJFoundation.m */; };
		D232F1521E76CF05002D24DB /* MJProperty.m in Sources */ = {isa = PBXBuildFile; fileRef = D232F1411E76CF05002D24DB /* MJProperty.m */; };
		D232F1531E76CF05002D24DB /* MJPropertyKey.m in Sources */ = {isa = PBXBuildFile; fileRef = D232F1431E76CF05002D24DB /* MJPropertyKey.m */; };
		D232F1541E76CF05002D24DB /* MJPropertyType.m in Sources */ = {isa = PBXBuildFile; fileRef = D232F1451E76CF05002D24DB /* MJPropertyType.m */; };
		D232F1551E76CF05002D24DB /* NSObject+MJClass.m in Sources */ = {isa = PBXBuildFile; fileRef = D232F1471E76CF05002D24DB /* NSObject+MJClass.m */; };
		D232F1561E76CF05002D24DB /* NSObject+MJCoding.m in Sources */ = {isa = PBXBuildFile; fileRef = D232F1491E76CF05002D24DB /* NSObject+MJCoding.m */; };
		D232F1571E76CF05002D24DB /* NSObject+MJKeyValue.m in Sources */ = {isa = PBXBuildFile; fileRef = D232F14B1E76CF05002D24DB /* NSObject+MJKeyValue.m */; };
		D232F1581E76CF05002D24DB /* NSObject+MJProperty.m in Sources */ = {isa = PBXBuildFile; fileRef = D232F14D1E76CF05002D24DB /* NSObject+MJProperty.m */; };
		D232F1591E76CF05002D24DB /* NSString+MJExtension.m in Sources */ = {isa = PBXBuildFile; fileRef = D232F14F1E76CF05002D24DB /* NSString+MJExtension.m */; };
		D232F15C1E76D254002D24DB /* GameRecord.m in Sources */ = {isa = PBXBuildFile; fileRef = D232F15B1E76D254002D24DB /* GameRecord.m */; };
		D23E61DF1E58331200E3870C /* SDGImage.m in Sources */ = {isa = PBXBuildFile; fileRef = D23E61DE1E58331200E3870C /* SDGImage.m */; };
		D24136FE1E6ADF9B00690921 /* bg.mp3 in Resources */ = {isa = PBXBuildFile; fileRef = D24136FD1E6ADF9A00690921 /* bg.mp3 */; };
		D260DB631E6430FB0008115E /* SDGButton.m in Sources */ = {isa = PBXBuildFile; fileRef = D260DB621E6430FB0008115E /* SDGButton.m */; };
		D26987751E699D820096B8B7 /* SDGTransitionViewController.m in Sources */ = {isa = PBXBuildFile; fileRef = D26987731E699D820096B8B7 /* SDGTransitionViewController.m */; };
		D282E4121E68297000527E38 /* MarkerFelt.ttf in Resources */ = {isa = PBXBuildFile; fileRef = D282E4111E6828E100527E38 /* MarkerFelt.ttf */; };
		D29A81A81E779E9F00E80960 /* SDGSoundPlayer.m in Sources */ = {isa = PBXBuildFile; fileRef = D29A81A71E779E9F00E80960 /* SDGSoundPlayer.m */; };
		D29A81B01E77C1AD00E80960 /* SDGAnimation.m in Sources */ = {isa = PBXBuildFile; fileRef = D29A81AF1E77C1AD00E80960 /* SDGAnimation.m */; };
		D29A81B31E77CE5E00E80960 /* SDGViewController.m in Sources */ = {isa = PBXBuildFile; fileRef = D29A81B21E77CE5E00E80960 /* SDGViewController.m */; };
		D29A81B61E77D21000E80960 /* SDGRankViewController.m in Sources */ = {isa = PBXBuildFile; fileRef = D29A81B51E77D21000E80960 /* SDGRankViewController.m */; };
		D2C8C0A71E90E57600DC7B7A /* ShareSDK.framework in Frameworks */ = {isa = PBXBuildFile; fileRef = D2C8C0A61E90E57600DC7B7A /* ShareSDK.framework */; };
		D2C8C0AB1E90E58B00DC7B7A /* MOBFoundation.framework in Frameworks */ = {isa = PBXBuildFile; fileRef = D2C8C0A81E90E58A00DC7B7A /* MOBFoundation.framework */; };
		D2C8C0AC1E90E58B00DC7B7A /* ShareSDKConnector.framework in Frameworks */ = {isa = PBXBuildFile; fileRef = D2C8C0A91E90E58A00DC7B7A /* ShareSDKConnector.framework */; };
		D2C8C0AD1E90E58B00DC7B7A /* ShareSDK.bundle in Resources */ = {isa = PBXBuildFile; fileRef = D2C8C0AA1E90E58A00DC7B7A /* ShareSDK.bundle */; };
		D2C8C0C71E90E5EA00DC7B7A /* TencentOpenAPI.framework in Frameworks */ = {isa = PBXBuildFile; fileRef = D2C8C0B01E90E5EA00DC7B7A /* TencentOpenAPI.framework */; };
		D2C8C0C81E90E5EA00DC7B7A /* TencentOpenApi_IOS_Bundle.bundle in Resources */ = {isa = PBXBuildFile; fileRef = D2C8C0B11E90E5EA00DC7B7A /* TencentOpenApi_IOS_Bundle.bundle */; };
		D2C8C0C91E90E5EA00DC7B7A /* libWeiboSDK.a in Frameworks */ = {isa = PBXBuildFile; fileRef = D2C8C0B31E90E5EA00DC7B7A /* libWeiboSDK.a */; };
		D2C8C0CA1E90E5EA00DC7B7A /* WeiboSDK.bundle in Resources */ = {isa = PBXBuildFile; fileRef = D2C8C0BD1E90E5EA00DC7B7A /* WeiboSDK.bundle */; };
		D2C8C0CB1E90E5EA00DC7B7A /* libWeChatSDK.a in Frameworks */ = {isa = PBXBuildFile; fileRef = D2C8C0C11E90E5EA00DC7B7A /* libWeChatSDK.a */; };
		D2C8C0CC1E90E5EA00DC7B7A /* read_me.txt in Resources */ = {isa = PBXBuildFile; fileRef = D2C8C0C21E90E5EA00DC7B7A /* read_me.txt */; };
		D2C8C0CD1E90E5EA00DC7B7A /* README.txt in Resources */ = {isa = PBXBuildFile; fileRef = D2C8C0C31E90E5EA00DC7B7A /* README.txt */; };
		D2C8C0D31E90E60300DC7B7A /* FacebookConnector.framework in Frameworks */ = {isa = PBXBuildFile; fileRef = D2C8C0CF1E90E60300DC7B7A /* FacebookConnector.framework */; };
		D2C8C0D41E90E60300DC7B7A /* QQConnector.framework in Frameworks */ = {isa = PBXBuildFile; fileRef = D2C8C0D01E90E60300DC7B7A /* QQConnector.framework */; };
		D2C8C0D51E90E60300DC7B7A /* SinaWeiboConnector.framework in Frameworks */ = {isa = PBXBuildFile; fileRef = D2C8C0D11E90E60300DC7B7A /* SinaWeiboConnector.framework */; };
		D2C8C0D61E90E60300DC7B7A /* WechatConnector.framework in Frameworks */ = {isa = PBXBuildFile; fileRef = D2C8C0D21E90E60300DC7B7A /* WechatConnector.framework */; };
		D2C8C0DD1E90E61500DC7B7A /* ShareSDKConfigFile.bundle in Resources */ = {isa = PBXBuildFile; fileRef = D2C8C0D81E90E61500DC7B7A /* ShareSDKConfigFile.bundle */; };
		D2C8C0DE1E90E61500DC7B7A /* ShareSDKConfigFile.framework in Frameworks */ = {isa = PBXBuildFile; fileRef = D2C8C0D91E90E61500DC7B7A /* ShareSDKConfigFile.framework */; };
		D2C8C0DF1E90E61500DC7B7A /* ShareSDKExtension.framework in Frameworks */ = {isa = PBXBuildFile; fileRef = D2C8C0DA1E90E61500DC7B7A /* ShareSDKExtension.framework */; };
		D2C8C0E01E90E61500DC7B7A /* ShareSDKUI.bundle in Resources */ = {isa = PBXBuildFile; fileRef = D2C8C0DB1E90E61500DC7B7A /* ShareSDKUI.bundle */; };
		D2C8C0E11E90E61500DC7B7A /* ShareSDKUI.framework in Frameworks */ = {isa = PBXBuildFile; fileRef = D2C8C0DC1E90E61500DC7B7A /* ShareSDKUI.framework */; };
		D2C8C0E41E90E68800DC7B7A /* libicucore.tbd in Frameworks */ = {isa = PBXBuildFile; fileRef = D2C8C0E31E90E68800DC7B7A /* libicucore.tbd */; };
		D2C8C0E61E90E69400DC7B7A /* libz.tbd in Frameworks */ = {isa = PBXBuildFile; fileRef = D2C8C0E51E90E69400DC7B7A /* libz.tbd */; };
		D2C8C0E81E90E6A900DC7B7A /* libstdc++.tbd in Frameworks */ = {isa = PBXBuildFile; fileRef = D2C8C0E71E90E6A900DC7B7A /* libstdc++.tbd */; };
		D2C8C0EA1E90E6B700DC7B7A /* JavaScriptCore.framework in Frameworks */ = {isa = PBXBuildFile; fileRef = D2C8C0E91E90E6B700DC7B7A /* JavaScriptCore.framework */; };
		D2C8C0EC1E90E6DD00DC7B7A /* libsqlite3.tbd in Frameworks */ = {isa = PBXBuildFile; fileRef = D2C8C0EB1E90E6DD00DC7B7A /* libsqlite3.tbd */; };
		D2C8C0EE1E90E6EB00DC7B7A /* ImageIO.framework in Frameworks */ = {isa = PBXBuildFile; fileRef = D2C8C0ED1E90E6EB00DC7B7A /* ImageIO.framework */; };
		D2C8C0F01E90F0BB00DC7B7A /* share.png in Resources */ = {isa = PBXBuildFile; fileRef = D2C8C0EF1E90F0BB00DC7B7A /* share.png */; };
		D2D6E6131E55AD1200DB39B9 /* main.m in Sources */ = {isa = PBXBuildFile; fileRef = D2D6E6121E55AD1200DB39B9 /* main.m */; };
		D2D6E6161E55AD1300DB39B9 /* AppDelegate.m in Sources */ = {isa = PBXBuildFile; fileRef = D2D6E6151E55AD1300DB39B9 /* AppDelegate.m */; };
		D2D6E61C1E55AD1300DB39B9 /* Main.storyboard in Resources */ = {isa = PBXBuildFile; fileRef = D2D6E61A1E55AD1300DB39B9 /* Main.storyboard */; };
		D2D6E61E1E55AD1300DB39B9 /* Assets.xcassets in Resources */ = {isa = PBXBuildFile; fileRef = D2D6E61D1E55AD1300DB39B9 /* Assets.xcassets */; };
		D2D6E6211E55AD1300DB39B9 /* LaunchScreen.storyboard in Resources */ = {isa = PBXBuildFile; fileRef = D2D6E61F1E55AD1300DB39B9 /* LaunchScreen.storyboard */; };
		D2D6E62C1E55AD1300DB39B9 /* SDGMemoryGameTests.m in Sources */ = {isa = PBXBuildFile; fileRef = D2D6E62B1E55AD1300DB39B9 /* SDGMemoryGameTests.m */; };
		D2D6E6371E55AD1300DB39B9 /* SDGMemoryGameUITests.m in Sources */ = {isa = PBXBuildFile; fileRef = D2D6E6361E55AD1300DB39B9 /* SDGMemoryGameUITests.m */; };
		D2D6E64C1E55EADF00DB39B9 /* GameViewController.m in Sources */ = {isa = PBXBuildFile; fileRef = D2D6E64A1E55EADF00DB39B9 /* GameViewController.m */; };
		D2D6E65D1E56F81700DB39B9 /* MenuViewController.m in Sources */ = {isa = PBXBuildFile; fileRef = D2D6E65B1E56F81700DB39B9 /* MenuViewController.m */; };
		D2DC08D71E73C3B500D0B04D /* close.mp3 in Resources */ = {isa = PBXBuildFile; fileRef = D2DC08D51E73C3B500D0B04D /* close.mp3 */; };
		D2DC08D81E73C3B500D0B04D /* open.mp3 in Resources */ = {isa = PBXBuildFile; fileRef = D2DC08D61E73C3B500D0B04D /* open.mp3 */; };
		D2DC08DA1E73C50700D0B04D /* matched.mp3 in Resources */ = {isa = PBXBuildFile; fileRef = D2DC08D91E73C50700D0B04D /* matched.mp3 */; };
		D2E7B24B1E79514C0051009C /* SDGRankTableViewController.m in Sources */ = {isa = PBXBuildFile; fileRef = D2E7B24A1E79514C0051009C /* SDGRankTableViewController.m */; };
/* End PBXBuildFile section */

/* Begin PBXContainerItemProxy section */
		D2D6E6281E55AD1300DB39B9 /* PBXContainerItemProxy */ = {
			isa = PBXContainerItemProxy;
			containerPortal = D2D6E6061E55AD1200DB39B9 /* Project object */;
			proxyType = 1;
			remoteGlobalIDString = D2D6E60D1E55AD1200DB39B9;
			remoteInfo = SDGMemoryGame;
		};
		D2D6E6331E55AD1300DB39B9 /* PBXContainerItemProxy */ = {
			isa = PBXContainerItemProxy;
			containerPortal = D2D6E6061E55AD1200DB39B9 /* Project object */;
			proxyType = 1;
			remoteGlobalIDString = D2D6E60D1E55AD1200DB39B9;
			remoteInfo = SDGMemoryGame;
		};
/* End PBXContainerItemProxy section */

/* Begin PBXFileReference section */
		D21A2B031E66B1140041AA98 /* UILabel+DynamicFontSize.h */ = {isa = PBXFileReference; fileEncoding = 4; lastKnownFileType = sourcecode.c.h; path = "UILabel+DynamicFontSize.h"; sourceTree = "<group>"; };
		D21A2B041E66B1140041AA98 /* UILabel+DynamicFontSize.m */ = {isa = PBXFileReference; fileEncoding = 4; lastKnownFileType = sourcecode.c.objc; path = "UILabel+DynamicFontSize.m"; sourceTree = "<group>"; };
		D232F1371E755D50002D24DB /* PlayerRecord.h */ = {isa = PBXFileReference; fileEncoding = 4; lastKnownFileType = sourcecode.c.h; path = PlayerRecord.h; sourceTree = "<group>"; };
		D232F1381E755D50002D24DB /* PlayerRecord.m */ = {isa = PBXFileReference; fileEncoding = 4; lastKnownFileType = sourcecode.c.objc; path = PlayerRecord.m; sourceTree = "<group>"; };
		D232F13B1E76CF05002D24DB /* MJExtension.h */ = {isa = PBXFileReference; fileEncoding = 4; lastKnownFileType = sourcecode.c.h; path = MJExtension.h; sourceTree = "<group>"; };
		D232F13C1E76CF05002D24DB /* MJExtensionConst.h */ = {isa = PBXFileReference; fileEncoding = 4; lastKnownFileType = sourcecode.c.h; path = MJExtensionConst.h; sourceTree = "<group>"; };
		D232F13D1E76CF05002D24DB /* MJExtensionConst.m */ = {isa = PBXFileReference; fileEncoding = 4; lastKnownFileType = sourcecode.c.objc; path = MJExtensionConst.m; sourceTree = "<group>"; };
		D232F13E1E76CF05002D24DB /* MJFoundation.h */ = {isa = PBXFileReference; fileEncoding = 4; lastKnownFileType = sourcecode.c.h; path = MJFoundation.h; sourceTree = "<group>"; };
		D232F13F1E76CF05002D24DB /* MJFoundation.m */ = {isa = PBXFileReference; fileEncoding = 4; lastKnownFileType = sourcecode.c.objc; path = MJFoundation.m; sourceTree = "<group>"; };
		D232F1401E76CF05002D24DB /* MJProperty.h */ = {isa = PBXFileReference; fileEncoding = 4; lastKnownFileType = sourcecode.c.h; path = MJProperty.h; sourceTree = "<group>"; };
		D232F1411E76CF05002D24DB /* MJProperty.m */ = {isa = PBXFileReference; fileEncoding = 4; lastKnownFileType = sourcecode.c.objc; path = MJProperty.m; sourceTree = "<group>"; };
		D232F1421E76CF05002D24DB /* MJPropertyKey.h */ = {isa = PBXFileReference; fileEncoding = 4; lastKnownFileType = sourcecode.c.h; path = MJPropertyKey.h; sourceTree = "<group>"; };
		D232F1431E76CF05002D24DB /* MJPropertyKey.m */ = {isa = PBXFileReference; fileEncoding = 4; lastKnownFileType = sourcecode.c.objc; path = MJPropertyKey.m; sourceTree = "<group>"; };
		D232F1441E76CF05002D24DB /* MJPropertyType.h */ = {isa = PBXFileReference; fileEncoding = 4; lastKnownFileType = sourcecode.c.h; path = MJPropertyType.h; sourceTree = "<group>"; };
		D232F1451E76CF05002D24DB /* MJPropertyType.m */ = {isa = PBXFileReference; fileEncoding = 4; lastKnownFileType = sourcecode.c.objc; path = MJPropertyType.m; sourceTree = "<group>"; };
		D232F1461E76CF05002D24DB /* NSObject+MJClass.h */ = {isa = PBXFileReference; fileEncoding = 4; lastKnownFileType = sourcecode.c.h; path = "NSObject+MJClass.h"; sourceTree = "<group>"; };
		D232F1471E76CF05002D24DB /* NSObject+MJClass.m */ = {isa = PBXFileReference; fileEncoding = 4; lastKnownFileType = sourcecode.c.objc; path = "NSObject+MJClass.m"; sourceTree = "<group>"; };
		D232F1481E76CF05002D24DB /* NSObject+MJCoding.h */ = {isa = PBXFileReference; fileEncoding = 4; lastKnownFileType = sourcecode.c.h; path = "NSObject+MJCoding.h"; sourceTree = "<group>"; };
		D232F1491E76CF05002D24DB /* NSObject+MJCoding.m */ = {isa = PBXFileReference; fileEncoding = 4; lastKnownFileType = sourcecode.c.objc; path = "NSObject+MJCoding.m"; sourceTree = "<group>"; };
		D232F14A1E76CF05002D24DB /* NSObject+MJKeyValue.h */ = {isa = PBXFileReference; fileEncoding = 4; lastKnownFileType = sourcecode.c.h; path = "NSObject+MJKeyValue.h"; sourceTree = "<group>"; };
		D232F14B1E76CF05002D24DB /* NSObject+MJKeyValue.m */ = {isa = PBXFileReference; fileEncoding = 4; lastKnownFileType = sourcecode.c.objc; path = "NSObject+MJKeyValue.m"; sourceTree = "<group>"; };
		D232F14C1E76CF05002D24DB /* NSObject+MJProperty.h */ = {isa = PBXFileReference; fileEncoding = 4; lastKnownFileType = sourcecode.c.h; path = "NSObject+MJProperty.h"; sourceTree = "<group>"; };
		D232F14D1E76CF05002D24DB /* NSObject+MJProperty.m */ = {isa = PBXFileReference; fileEncoding = 4; lastKnownFileType = sourcecode.c.objc; path = "NSObject+MJProperty.m"; sourceTree = "<group>"; };
		D232F14E1E76CF05002D24DB /* NSString+MJExtension.h */ = {isa = PBXFileReference; fileEncoding = 4; lastKnownFileType = sourcecode.c.h; path = "NSString+MJExtension.h"; sourceTree = "<group>"; };
		D232F14F1E76CF05002D24DB /* NSString+MJExtension.m */ = {isa = PBXFileReference; fileEncoding = 4; lastKnownFileType = sourcecode.c.objc; path = "NSString+MJExtension.m"; sourceTree = "<group>"; };
		D232F15A1E76D254002D24DB /* GameRecord.h */ = {isa = PBXFileReference; fileEncoding = 4; lastKnownFileType = sourcecode.c.h; path = GameRecord.h; sourceTree = "<group>"; };
		D232F15B1E76D254002D24DB /* GameRecord.m */ = {isa = PBXFileReference; fileEncoding = 4; lastKnownFileType = sourcecode.c.objc; path = GameRecord.m; sourceTree = "<group>"; };
		D23E61DD1E58331200E3870C /* SDGImage.h */ = {isa = PBXFileReference; fileEncoding = 4; lastKnownFileType = sourcecode.c.h; path = SDGImage.h; sourceTree = "<group>"; };
		D23E61DE1E58331200E3870C /* SDGImage.m */ = {isa = PBXFileReference; fileEncoding = 4; lastKnownFileType = sourcecode.c.objc; path = SDGImage.m; sourceTree = "<group>"; };
		D24136FD1E6ADF9A00690921 /* bg.mp3 */ = {isa = PBXFileReference; lastKnownFileType = audio.mp3; path = bg.mp3; sourceTree = "<group>"; };
		D260DB611E6430FB0008115E /* SDGButton.h */ = {isa = PBXFileReference; fileEncoding = 4; lastKnownFileType = sourcecode.c.h; path = SDGButton.h; sourceTree = "<group>"; };
		D260DB621E6430FB0008115E /* SDGButton.m */ = {isa = PBXFileReference; fileEncoding = 4; lastKnownFileType = sourcecode.c.objc; path = SDGButton.m; sourceTree = "<group>"; };
		D26987721E699D820096B8B7 /* SDGTransitionViewController.h */ = {isa = PBXFileReference; fileEncoding = 4; lastKnownFileType = sourcecode.c.h; path = SDGTransitionViewController.h; sourceTree = "<group>"; };
		D26987731E699D820096B8B7 /* SDGTransitionViewController.m */ = {isa = PBXFileReference; fileEncoding = 4; lastKnownFileType = sourcecode.c.objc; path = SDGTransitionViewController.m; sourceTree = "<group>"; };
		D282E4111E6828E100527E38 /* MarkerFelt.ttf */ = {isa = PBXFileReference; lastKnownFileType = file; path = MarkerFelt.ttf; sourceTree = "<group>"; };
		D29A81A61E779E9F00E80960 /* SDGSoundPlayer.h */ = {isa = PBXFileReference; fileEncoding = 4; lastKnownFileType = sourcecode.c.h; path = SDGSoundPlayer.h; sourceTree = "<group>"; };
		D29A81A71E779E9F00E80960 /* SDGSoundPlayer.m */ = {isa = PBXFileReference; fileEncoding = 4; lastKnownFileType = sourcecode.c.objc; path = SDGSoundPlayer.m; sourceTree = "<group>"; };
		D29A81AD1E77BC7A00E80960 /* SDGEnum.h */ = {isa = PBXFileReference; lastKnownFileType = sourcecode.c.h; path = SDGEnum.h; sourceTree = "<group>"; };
		D29A81AE1E77C1AD00E80960 /* SDGAnimation.h */ = {isa = PBXFileReference; fileEncoding = 4; lastKnownFileType = sourcecode.c.h; path = SDGAnimation.h; sourceTree = "<group>"; };
		D29A81AF1E77C1AD00E80960 /* SDGAnimation.m */ = {isa = PBXFileReference; fileEncoding = 4; lastKnownFileType = sourcecode.c.objc; path = SDGAnimation.m; sourceTree = "<group>"; };
		D29A81B11E77CE5E00E80960 /* SDGViewController.h */ = {isa = PBXFileReference; fileEncoding = 4; lastKnownFileType = sourcecode.c.h; path = SDGViewController.h; sourceTree = "<group>"; };
		D29A81B21E77CE5E00E80960 /* SDGViewController.m */ = {isa = PBXFileReference; fileEncoding = 4; lastKnownFileType = sourcecode.c.objc; path = SDGViewController.m; sourceTree = "<group>"; };
		D29A81B41E77D21000E80960 /* SDGRankViewController.h */ = {isa = PBXFileReference; fileEncoding = 4; lastKnownFileType = sourcecode.c.h; path = SDGRankViewController.h; sourceTree = "<group>"; };
		D29A81B51E77D21000E80960 /* SDGRankViewController.m */ = {isa = PBXFileReference; fileEncoding = 4; lastKnownFileType = sourcecode.c.objc; path = SDGRankViewController.m; sourceTree = "<group>"; };
		D2C8C0A61E90E57600DC7B7A /* ShareSDK.framework */ = {isa = PBXFileReference; lastKnownFileType = wrapper.framework; path = ShareSDK.framework; sourceTree = "<group>"; };
		D2C8C0A81E90E58A00DC7B7A /* MOBFoundation.framework */ = {isa = PBXFileReference; lastKnownFileType = wrapper.framework; path = MOBFoundation.framework; sourceTree = "<group>"; };
		D2C8C0A91E90E58A00DC7B7A /* ShareSDKConnector.framework */ = {isa = PBXFileReference; lastKnownFileType = wrapper.framework; path = ShareSDKConnector.framework; sourceTree = "<group>"; };
		D2C8C0AA1E90E58A00DC7B7A /* ShareSDK.bundle */ = {isa = PBXFileReference; lastKnownFileType = "wrapper.plug-in"; path = ShareSDK.bundle; sourceTree = "<group>"; };
		D2C8C0B01E90E5EA00DC7B7A /* TencentOpenAPI.framework */ = {isa = PBXFileReference; lastKnownFileType = wrapper.framework; path = TencentOpenAPI.framework; sourceTree = "<group>"; };
		D2C8C0B11E90E5EA00DC7B7A /* TencentOpenApi_IOS_Bundle.bundle */ = {isa = PBXFileReference; lastKnownFileType = "wrapper.plug-in"; path = TencentOpenApi_IOS_Bundle.bundle; sourceTree = "<group>"; };
		D2C8C0B31E90E5EA00DC7B7A /* libWeiboSDK.a */ = {isa = PBXFileReference; lastKnownFileType = archive.ar; path = libWeiboSDK.a; sourceTree = "<group>"; };
		D2C8C0B41E90E5EA00DC7B7A /* WBHttpRequest+WeiboGame.h */ = {isa = PBXFileReference; fileEncoding = 4; lastKnownFileType = sourcecode.c.h; path = "WBHttpRequest+WeiboGame.h"; sourceTree = "<group>"; };
		D2C8C0B51E90E5EA00DC7B7A /* WBHttpRequest+WeiboShare.h */ = {isa = PBXFileReference; fileEncoding = 4; lastKnownFileType = sourcecode.c.h; path = "WBHttpRequest+WeiboShare.h"; sourceTree = "<group>"; };
		D2C8C0B61E90E5EA00DC7B7A /* WBHttpRequest+WeiboToken.h */ = {isa = PBXFileReference; fileEncoding = 4; lastKnownFileType = sourcecode.c.h; path = "WBHttpRequest+WeiboToken.h"; sourceTree = "<group>"; };
		D2C8C0B71E90E5EA00DC7B7A /* WBHttpRequest+WeiboUser.h */ = {isa = PBXFileReference; fileEncoding = 4; lastKnownFileType = sourcecode.c.h; path = "WBHttpRequest+WeiboUser.h"; sourceTree = "<group>"; };
		D2C8C0B81E90E5EA00DC7B7A /* WBHttpRequest.h */ = {isa = PBXFileReference; fileEncoding = 4; lastKnownFileType = sourcecode.c.h; path = WBHttpRequest.h; sourceTree = "<group>"; };
		D2C8C0B91E90E5EA00DC7B7A /* WBSDKBasicButton.h */ = {isa = PBXFileReference; fileEncoding = 4; lastKnownFileType = sourcecode.c.h; path = WBSDKBasicButton.h; sourceTree = "<group>"; };
		D2C8C0BA1E90E5EA00DC7B7A /* WBSDKCommentButton.h */ = {isa = PBXFileReference; fileEncoding = 4; lastKnownFileType = sourcecode.c.h; path = WBSDKCommentButton.h; sourceTree = "<group>"; };
		D2C8C0BB1E90E5EA00DC7B7A /* WBSDKRelationshipButton.h */ = {isa = PBXFileReference; fileEncoding = 4; lastKnownFileType = sourcecode.c.h; path = WBSDKRelationshipButton.h; sourceTree = "<group>"; };
		D2C8C0BC1E90E5EA00DC7B7A /* WeiboSDK+Statistics.h */ = {isa = PBXFileReference; fileEncoding = 4; lastKnownFileType = sourcecode.c.h; path = "WeiboSDK+Statistics.h"; sourceTree = "<group>"; };
		D2C8C0BD1E90E5EA00DC7B7A /* WeiboSDK.bundle */ = {isa = PBXFileReference; lastKnownFileType = "wrapper.plug-in"; path = WeiboSDK.bundle; sourceTree = "<group>"; };
		D2C8C0BE1E90E5EA00DC7B7A /* WeiboSDK.h */ = {isa = PBXFileReference; fileEncoding = 4; lastKnownFileType = sourcecode.c.h; path = WeiboSDK.h; sourceTree = "<group>"; };
		D2C8C0BF1E90E5EA00DC7B7A /* WeiboUser.h */ = {isa = PBXFileReference; fileEncoding = 4; lastKnownFileType = sourcecode.c.h; path = WeiboUser.h; sourceTree = "<group>"; };
		D2C8C0C11E90E5EA00DC7B7A /* libWeChatSDK.a */ = {isa = PBXFileReference; lastKnownFileType = archive.ar; path = libWeChatSDK.a; sourceTree = "<group>"; };
		D2C8C0C21E90E5EA00DC7B7A /* read_me.txt */ = {isa = PBXFileReference; fileEncoding = 4; lastKnownFileType = text; path = read_me.txt; sourceTree = "<group>"; };
		D2C8C0C31E90E5EA00DC7B7A /* README.txt */ = {isa = PBXFileReference; fileEncoding = 4; lastKnownFileType = text; path = README.txt; sourceTree = "<group>"; };
		D2C8C0C41E90E5EA00DC7B7A /* WechatAuthSDK.h */ = {isa = PBXFileReference; fileEncoding = 4; lastKnownFileType = sourcecode.c.h; path = WechatAuthSDK.h; sourceTree = "<group>"; };
		D2C8C0C51E90E5EA00DC7B7A /* WXApi.h */ = {isa = PBXFileReference; fileEncoding = 4; lastKnownFileType = sourcecode.c.h; path = WXApi.h; sourceTree = "<group>"; };
		D2C8C0C61E90E5EA00DC7B7A /* WXApiObject.h */ = {isa = PBXFileReference; fileEncoding = 4; lastKnownFileType = sourcecode.c.h; path = WXApiObject.h; sourceTree = "<group>"; };
		D2C8C0CF1E90E60300DC7B7A /* FacebookConnector.framework */ = {isa = PBXFileReference; lastKnownFileType = wrapper.framework; path = FacebookConnector.framework; sourceTree = "<group>"; };
		D2C8C0D01E90E60300DC7B7A /* QQConnector.framework */ = {isa = PBXFileReference; lastKnownFileType = wrapper.framework; path = QQConnector.framework; sourceTree = "<group>"; };
		D2C8C0D11E90E60300DC7B7A /* SinaWeiboConnector.framework */ = {isa = PBXFileReference; lastKnownFileType = wrapper.framework; path = SinaWeiboConnector.framework; sourceTree = "<group>"; };
		D2C8C0D21E90E60300DC7B7A /* WechatConnector.framework */ = {isa = PBXFileReference; lastKnownFileType = wrapper.framework; path = WechatConnector.framework; sourceTree = "<group>"; };
		D2C8C0D81E90E61500DC7B7A /* ShareSDKConfigFile.bundle */ = {isa = PBXFileReference; lastKnownFileType = "wrapper.plug-in"; path = ShareSDKConfigFile.bundle; sourceTree = "<group>"; };
		D2C8C0D91E90E61500DC7B7A /* ShareSDKConfigFile.framework */ = {isa = PBXFileReference; lastKnownFileType = wrapper.framework; path = ShareSDKConfigFile.framework; sourceTree = "<group>"; };
		D2C8C0DA1E90E61500DC7B7A /* ShareSDKExtension.framework */ = {isa = PBXFileReference; lastKnownFileType = wrapper.framework; path = ShareSDKExtension.framework; sourceTree = "<group>"; };
		D2C8C0DB1E90E61500DC7B7A /* ShareSDKUI.bundle */ = {isa = PBXFileReference; lastKnownFileType = "wrapper.plug-in"; path = ShareSDKUI.bundle; sourceTree = "<group>"; };
		D2C8C0DC1E90E61500DC7B7A /* ShareSDKUI.framework */ = {isa = PBXFileReference; lastKnownFileType = wrapper.framework; path = ShareSDKUI.framework; sourceTree = "<group>"; };
		D2C8C0E31E90E68800DC7B7A /* libicucore.tbd */ = {isa = PBXFileReference; lastKnownFileType = "sourcecode.text-based-dylib-definition"; name = libicucore.tbd; path = usr/lib/libicucore.tbd; sourceTree = SDKROOT; };
		D2C8C0E51E90E69400DC7B7A /* libz.tbd */ = {isa = PBXFileReference; lastKnownFileType = "sourcecode.text-based-dylib-definition"; name = libz.tbd; path = usr/lib/libz.tbd; sourceTree = SDKROOT; };
		D2C8C0E71E90E6A900DC7B7A /* libstdc++.tbd */ = {isa = PBXFileReference; lastKnownFileType = "sourcecode.text-based-dylib-definition"; name = "libstdc++.tbd"; path = "usr/lib/libstdc++.tbd"; sourceTree = SDKROOT; };
		D2C8C0E91E90E6B700DC7B7A /* JavaScriptCore.framework */ = {isa = PBXFileReference; lastKnownFileType = wrapper.framework; name = JavaScriptCore.framework; path = System/Library/Frameworks/JavaScriptCore.framework; sourceTree = SDKROOT; };
		D2C8C0EB1E90E6DD00DC7B7A /* libsqlite3.tbd */ = {isa = PBXFileReference; lastKnownFileType = "sourcecode.text-based-dylib-definition"; name = libsqlite3.tbd; path = usr/lib/libsqlite3.tbd; sourceTree = SDKROOT; };
		D2C8C0ED1E90E6EB00DC7B7A /* ImageIO.framework */ = {isa = PBXFileReference; lastKnownFileType = wrapper.framework; name = ImageIO.framework; path = System/Library/Frameworks/ImageIO.framework; sourceTree = SDKROOT; };
		D2C8C0EF1E90F0BB00DC7B7A /* share.png */ = {isa = PBXFileReference; lastKnownFileType = image.png; path = share.png; sourceTree = "<group>"; };
		D2D6E60E1E55AD1200DB39B9 /* SDGMemoryGame.app */ = {isa = PBXFileReference; explicitFileType = wrapper.application; includeInIndex = 0; path = SDGMemoryGame.app; sourceTree = BUILT_PRODUCTS_DIR; };
		D2D6E6121E55AD1200DB39B9 /* main.m */ = {isa = PBXFileReference; lastKnownFileType = sourcecode.c.objc; path = main.m; sourceTree = "<group>"; };
		D2D6E6141E55AD1200DB39B9 /* AppDelegate.h */ = {isa = PBXFileReference; lastKnownFileType = sourcecode.c.h; path = AppDelegate.h; sourceTree = "<group>"; };
		D2D6E6151E55AD1300DB39B9 /* AppDelegate.m */ = {isa = PBXFileReference; lastKnownFileType = sourcecode.c.objc; path = AppDelegate.m; sourceTree = "<group>"; };
		D2D6E61B1E55AD1300DB39B9 /* Base */ = {isa = PBXFileReference; lastKnownFileType = file.storyboard; name = Base; path = Base.lproj/Main.storyboard; sourceTree = "<group>"; };
		D2D6E61D1E55AD1300DB39B9 /* Assets.xcassets */ = {isa = PBXFileReference; lastKnownFileType = folder.assetcatalog; path = Assets.xcassets; sourceTree = "<group>"; };
		D2D6E6201E55AD1300DB39B9 /* Base */ = {isa = PBXFileReference; lastKnownFileType = file.storyboard; name = Base; path = Base.lproj/LaunchScreen.storyboard; sourceTree = "<group>"; };
		D2D6E6221E55AD1300DB39B9 /* Info.plist */ = {isa = PBXFileReference; lastKnownFileType = text.plist.xml; path = Info.plist; sourceTree = "<group>"; };
		D2D6E6271E55AD1300DB39B9 /* SDGMemoryGameTests.xctest */ = {isa = PBXFileReference; explicitFileType = wrapper.cfbundle; includeInIndex = 0; path = SDGMemoryGameTests.xctest; sourceTree = BUILT_PRODUCTS_DIR; };
		D2D6E62B1E55AD1300DB39B9 /* SDGMemoryGameTests.m */ = {isa = PBXFileReference; lastKnownFileType = sourcecode.c.objc; path = SDGMemoryGameTests.m; sourceTree = "<group>"; };
		D2D6E62D1E55AD1300DB39B9 /* Info.plist */ = {isa = PBXFileReference; lastKnownFileType = text.plist.xml; path = Info.plist; sourceTree = "<group>"; };
		D2D6E6321E55AD1300DB39B9 /* SDGMemoryGameUITests.xctest */ = {isa = PBXFileReference; explicitFileType = wrapper.cfbundle; includeInIndex = 0; path = SDGMemoryGameUITests.xctest; sourceTree = BUILT_PRODUCTS_DIR; };
		D2D6E6361E55AD1300DB39B9 /* SDGMemoryGameUITests.m */ = {isa = PBXFileReference; lastKnownFileType = sourcecode.c.objc; path = SDGMemoryGameUITests.m; sourceTree = "<group>"; };
		D2D6E6381E55AD1300DB39B9 /* Info.plist */ = {isa = PBXFileReference; lastKnownFileType = text.plist.xml; path = Info.plist; sourceTree = "<group>"; };
		D2D6E6491E55EADF00DB39B9 /* GameViewController.h */ = {isa = PBXFileReference; fileEncoding = 4; lastKnownFileType = sourcecode.c.h; path = GameViewController.h; sourceTree = "<group>"; };
		D2D6E64A1E55EADF00DB39B9 /* GameViewController.m */ = {isa = PBXFileReference; fileEncoding = 4; lastKnownFileType = sourcecode.c.objc; path = GameViewController.m; sourceTree = "<group>"; };
		D2D6E64E1E56CC5300DB39B9 /* SDGPrefix.pch */ = {isa = PBXFileReference; lastKnownFileType = sourcecode.c.h; path = SDGPrefix.pch; sourceTree = "<group>"; };
		D2D6E65A1E56F81700DB39B9 /* MenuViewController.h */ = {isa = PBXFileReference; fileEncoding = 4; lastKnownFileType = sourcecode.c.h; path = MenuViewController.h; sourceTree = "<group>"; };
		D2D6E65B1E56F81700DB39B9 /* MenuViewController.m */ = {isa = PBXFileReference; fileEncoding = 4; lastKnownFileType = sourcecode.c.objc; path = MenuViewController.m; sourceTree = "<group>"; };
		D2DC08D51E73C3B500D0B04D /* close.mp3 */ = {isa = PBXFileReference; lastKnownFileType = audio.mp3; path = close.mp3; sourceTree = "<group>"; };
		D2DC08D61E73C3B500D0B04D /* open.mp3 */ = {isa = PBXFileReference; lastKnownFileType = audio.mp3; path = open.mp3; sourceTree = "<group>"; };
		D2DC08D91E73C50700D0B04D /* matched.mp3 */ = {isa = PBXFileReference; lastKnownFileType = audio.mp3; path = matched.mp3; sourceTree = "<group>"; };
		D2E7B2491E79514C0051009C /* SDGRankTableViewController.h */ = {isa = PBXFileReference; fileEncoding = 4; lastKnownFileType = sourcecode.c.h; path = SDGRankTableViewController.h; sourceTree = "<group>"; };
		D2E7B24A1E79514C0051009C /* SDGRankTableViewController.m */ = {isa = PBXFileReference; fileEncoding = 4; lastKnownFileType = sourcecode.c.objc; path = SDGRankTableViewController.m; sourceTree = "<group>"; };
/* End PBXFileReference section */

/* Begin PBXFrameworksBuildPhase section */
		D2D6E60B1E55AD1200DB39B9 /* Frameworks */ = {
			isa = PBXFrameworksBuildPhase;
			buildActionMask = 2147483647;
			files = (
				D2C8C0EE1E90E6EB00DC7B7A /* ImageIO.framework in Frameworks */,
				D2C8C0EC1E90E6DD00DC7B7A /* libsqlite3.tbd in Frameworks */,
				D2C8C0EA1E90E6B700DC7B7A /* JavaScriptCore.framework in Frameworks */,
				D2C8C0E81E90E6A900DC7B7A /* libstdc++.tbd in Frameworks */,
				D2C8C0E61E90E69400DC7B7A /* libz.tbd in Frameworks */,
				D2C8C0E41E90E68800DC7B7A /* libicucore.tbd in Frameworks */,
				D2C8C0D61E90E60300DC7B7A /* WechatConnector.framework in Frameworks */,
				D2C8C0DE1E90E61500DC7B7A /* ShareSDKConfigFile.framework in Frameworks */,
				D2C8C0D31E90E60300DC7B7A /* FacebookConnector.framework in Frameworks */,
				D2C8C0C91E90E5EA00DC7B7A /* libWeiboSDK.a in Frameworks */,
				D2C8C0AB1E90E58B00DC7B7A /* MOBFoundation.framework in Frameworks */,
				D2C8C0DF1E90E61500DC7B7A /* ShareSDKExtension.framework in Frameworks */,
				D2C8C0CB1E90E5EA00DC7B7A /* libWeChatSDK.a in Frameworks */,
				D2C8C0C71E90E5EA00DC7B7A /* TencentOpenAPI.framework in Frameworks */,
				D2C8C0AC1E90E58B00DC7B7A /* ShareSDKConnector.framework in Frameworks */,
				D2C8C0E11E90E61500DC7B7A /* ShareSDKUI.framework in Frameworks */,
				D2C8C0D41E90E60300DC7B7A /* QQConnector.framework in Frameworks */,
				D2C8C0D51E90E60300DC7B7A /* SinaWeiboConnector.framework in Frameworks */,
				D2C8C0A71E90E57600DC7B7A /* ShareSDK.framework in Frameworks */,
			);
			runOnlyForDeploymentPostprocessing = 0;
		};
		D2D6E6241E55AD1300DB39B9 /* Frameworks */ = {
			isa = PBXFrameworksBuildPhase;
			buildActionMask = 2147483647;
			files = (
			);
			runOnlyForDeploymentPostprocessing = 0;
		};
		D2D6E62F1E55AD1300DB39B9 /* Frameworks */ = {
			isa = PBXFrameworksBuildPhase;
			buildActionMask = 2147483647;
			files = (
			);
			runOnlyForDeploymentPostprocessing = 0;
		};
/* End PBXFrameworksBuildPhase section */

/* Begin PBXGroup section */
		D232F13A1E76CF05002D24DB /* MJExtension */ = {
			isa = PBXGroup;
			children = (
				D232F13B1E76CF05002D24DB /* MJExtension.h */,
				D232F13C1E76CF05002D24DB /* MJExtensionConst.h */,
				D232F13D1E76CF05002D24DB /* MJExtensionConst.m */,
				D232F13E1E76CF05002D24DB /* MJFoundation.h */,
				D232F13F1E76CF05002D24DB /* MJFoundation.m */,
				D232F1401E76CF05002D24DB /* MJProperty.h */,
				D232F1411E76CF05002D24DB /* MJProperty.m */,
				D232F1421E76CF05002D24DB /* MJPropertyKey.h */,
				D232F1431E76CF05002D24DB /* MJPropertyKey.m */,
				D232F1441E76CF05002D24DB /* MJPropertyType.h */,
				D232F1451E76CF05002D24DB /* MJPropertyType.m */,
				D232F1461E76CF05002D24DB /* NSObject+MJClass.h */,
				D232F1471E76CF05002D24DB /* NSObject+MJClass.m */,
				D232F1481E76CF05002D24DB /* NSObject+MJCoding.h */,
				D232F1491E76CF05002D24DB /* NSObject+MJCoding.m */,
				D232F14A1E76CF05002D24DB /* NSObject+MJKeyValue.h */,
				D232F14B1E76CF05002D24DB /* NSObject+MJKeyValue.m */,
				D232F14C1E76CF05002D24DB /* NSObject+MJProperty.h */,
				D232F14D1E76CF05002D24DB /* NSObject+MJProperty.m */,
				D232F14E1E76CF05002D24DB /* NSString+MJExtension.h */,
				D232F14F1E76CF05002D24DB /* NSString+MJExtension.m */,
			);
			path = MJExtension;
			sourceTree = "<group>";
		};
		D269876E1E699CD90096B8B7 /* Model */ = {
			isa = PBXGroup;
			children = (
				D232F1371E755D50002D24DB /* PlayerRecord.h */,
				D232F1381E755D50002D24DB /* PlayerRecord.m */,
			);
			name = Model;
			sourceTree = "<group>";
		};
		D269876F1E699CE30096B8B7 /* View */ = {
			isa = PBXGroup;
			children = (
				D23E61DD1E58331200E3870C /* SDGImage.h */,
				D23E61DE1E58331200E3870C /* SDGImage.m */,
				D260DB611E6430FB0008115E /* SDGButton.h */,
				D260DB621E6430FB0008115E /* SDGButton.m */,
			);
			name = View;
			sourceTree = "<group>";
		};
		D26987701E699CE90096B8B7 /* Controller */ = {
			isa = PBXGroup;
			children = (
				D2D6E6491E55EADF00DB39B9 /* GameViewController.h */,
				D2D6E64A1E55EADF00DB39B9 /* GameViewController.m */,
				D2D6E65A1E56F81700DB39B9 /* MenuViewController.h */,
				D2D6E65B1E56F81700DB39B9 /* MenuViewController.m */,
				D26987721E699D820096B8B7 /* SDGTransitionViewController.h */,
				D26987731E699D820096B8B7 /* SDGTransitionViewController.m */,
				D29A81B11E77CE5E00E80960 /* SDGViewController.h */,
				D29A81B21E77CE5E00E80960 /* SDGViewController.m */,
				D29A81B41E77D21000E80960 /* SDGRankViewController.h */,
				D29A81B51E77D21000E80960 /* SDGRankViewController.m */,
				D2E7B2491E79514C0051009C /* SDGRankTableViewController.h */,
				D2E7B24A1E79514C0051009C /* SDGRankTableViewController.m */,
			);
			name = Controller;
			sourceTree = "<group>";
		};
		D26987711E699D120096B8B7 /* Tools */ = {
			isa = PBXGroup;
			children = (
				D232F13A1E76CF05002D24DB /* MJExtension */,
				D29A81AD1E77BC7A00E80960 /* SDGEnum.h */,
				D21A2B031E66B1140041AA98 /* UILabel+DynamicFontSize.h */,
				D21A2B041E66B1140041AA98 /* UILabel+DynamicFontSize.m */,
				D232F15A1E76D254002D24DB /* GameRecord.h */,
				D232F15B1E76D254002D24DB /* GameRecord.m */,
				D29A81A61E779E9F00E80960 /* SDGSoundPlayer.h */,
				D29A81A71E779E9F00E80960 /* SDGSoundPlayer.m */,
				D29A81AE1E77C1AD00E80960 /* SDGAnimation.h */,
				D29A81AF1E77C1AD00E80960 /* SDGAnimation.m */,
			);
			name = Tools;
			sourceTree = "<group>";
		};
		D2C8C0A51E90E56100DC7B7A /* ShareSDK */ = {
			isa = PBXGroup;
			children = (
				D2C8C0D71E90E61500DC7B7A /* Optional */,
				D2C8C0CE1E90E60300DC7B7A /* PlatformConnector */,
				D2C8C0AE1E90E5EA00DC7B7A /* PlatformSDK */,
				D2C8C0A81E90E58A00DC7B7A /* MOBFoundation.framework */,
				D2C8C0A91E90E58A00DC7B7A /* ShareSDKConnector.framework */,
				D2C8C0AA1E90E58A00DC7B7A /* ShareSDK.bundle */,
				D2C8C0A61E90E57600DC7B7A /* ShareSDK.framework */,
			);
			name = ShareSDK;
			sourceTree = "<group>";
		};
		D2C8C0AE1E90E5EA00DC7B7A /* PlatformSDK */ = {
			isa = PBXGroup;
			children = (
				D2C8C0AF1E90E5EA00DC7B7A /* QQSDK */,
				D2C8C0B21E90E5EA00DC7B7A /* SinaWeiboSDK */,
				D2C8C0C01E90E5EA00DC7B7A /* WeChatSDK */,
			);
			path = PlatformSDK;
			sourceTree = "<group>";
		};
		D2C8C0AF1E90E5EA00DC7B7A /* QQSDK */ = {
			isa = PBXGroup;
			children = (
				D2C8C0B01E90E5EA00DC7B7A /* TencentOpenAPI.framework */,
				D2C8C0B11E90E5EA00DC7B7A /* TencentOpenApi_IOS_Bundle.bundle */,
			);
			path = QQSDK;
			sourceTree = "<group>";
		};
		D2C8C0B21E90E5EA00DC7B7A /* SinaWeiboSDK */ = {
			isa = PBXGroup;
			children = (
				D2C8C0B31E90E5EA00DC7B7A /* libWeiboSDK.a */,
				D2C8C0B41E90E5EA00DC7B7A /* WBHttpRequest+WeiboGame.h */,
				D2C8C0B51E90E5EA00DC7B7A /* WBHttpRequest+WeiboShare.h */,
				D2C8C0B61E90E5EA00DC7B7A /* WBHttpRequest+WeiboToken.h */,
				D2C8C0B71E90E5EA00DC7B7A /* WBHttpRequest+WeiboUser.h */,
				D2C8C0B81E90E5EA00DC7B7A /* WBHttpRequest.h */,
				D2C8C0B91E90E5EA00DC7B7A /* WBSDKBasicButton.h */,
				D2C8C0BA1E90E5EA00DC7B7A /* WBSDKCommentButton.h */,
				D2C8C0BB1E90E5EA00DC7B7A /* WBSDKRelationshipButton.h */,
				D2C8C0BC1E90E5EA00DC7B7A /* WeiboSDK+Statistics.h */,
				D2C8C0BD1E90E5EA00DC7B7A /* WeiboSDK.bundle */,
				D2C8C0BE1E90E5EA00DC7B7A /* WeiboSDK.h */,
				D2C8C0BF1E90E5EA00DC7B7A /* WeiboUser.h */,
			);
			path = SinaWeiboSDK;
			sourceTree = "<group>";
		};
		D2C8C0C01E90E5EA00DC7B7A /* WeChatSDK */ = {
			isa = PBXGroup;
			children = (
				D2C8C0C11E90E5EA00DC7B7A /* libWeChatSDK.a */,
				D2C8C0C21E90E5EA00DC7B7A /* read_me.txt */,
				D2C8C0C31E90E5EA00DC7B7A /* README.txt */,
				D2C8C0C41E90E5EA00DC7B7A /* WechatAuthSDK.h */,
				D2C8C0C51E90E5EA00DC7B7A /* WXApi.h */,
				D2C8C0C61E90E5EA00DC7B7A /* WXApiObject.h */,
			);
			path = WeChatSDK;
			sourceTree = "<group>";
		};
		D2C8C0CE1E90E60300DC7B7A /* PlatformConnector */ = {
			isa = PBXGroup;
			children = (
				D2C8C0CF1E90E60300DC7B7A /* FacebookConnector.framework */,
				D2C8C0D01E90E60300DC7B7A /* QQConnector.framework */,
				D2C8C0D11E90E60300DC7B7A /* SinaWeiboConnector.framework */,
				D2C8C0D21E90E60300DC7B7A /* WechatConnector.framework */,
			);
			name = PlatformConnector;
			path = PlatformSDK/PlatformConnector;
			sourceTree = "<group>";
		};
		D2C8C0D71E90E61500DC7B7A /* Optional */ = {
			isa = PBXGroup;
			children = (
				D2C8C0D81E90E61500DC7B7A /* ShareSDKConfigFile.bundle */,
				D2C8C0D91E90E61500DC7B7A /* ShareSDKConfigFile.framework */,
				D2C8C0DA1E90E61500DC7B7A /* ShareSDKExtension.framework */,
				D2C8C0DB1E90E61500DC7B7A /* ShareSDKUI.bundle */,
				D2C8C0DC1E90E61500DC7B7A /* ShareSDKUI.framework */,
			);
			path = Optional;
			sourceTree = "<group>";
		};
		D2C8C0E21E90E68800DC7B7A /* Frameworks */ = {
			isa = PBXGroup;
			children = (
				D2C8C0ED1E90E6EB00DC7B7A /* ImageIO.framework */,
				D2C8C0EB1E90E6DD00DC7B7A /* libsqlite3.tbd */,
				D2C8C0E91E90E6B700DC7B7A /* JavaScriptCore.framework */,
				D2C8C0E71E90E6A900DC7B7A /* libstdc++.tbd */,
				D2C8C0E51E90E69400DC7B7A /* libz.tbd */,
				D2C8C0E31E90E68800DC7B7A /* libicucore.tbd */,
			);
			name = Frameworks;
			sourceTree = "<group>";
		};
		D2D6E6051E55AD1200DB39B9 = {
			isa = PBXGroup;
			children = (
				D2D6E6101E55AD1200DB39B9 /* SDGMemoryGame */,
				D2D6E62A1E55AD1300DB39B9 /* SDGMemoryGameTests */,
				D2D6E6351E55AD1300DB39B9 /* SDGMemoryGameUITests */,
				D2D6E60F1E55AD1200DB39B9 /* Products */,
				D2C8C0E21E90E68800DC7B7A /* Frameworks */,
			);
			sourceTree = "<group>";
		};
		D2D6E60F1E55AD1200DB39B9 /* Products */ = {
			isa = PBXGroup;
			children = (
				D2D6E60E1E55AD1200DB39B9 /* SDGMemoryGame.app */,
				D2D6E6271E55AD1300DB39B9 /* SDGMemoryGameTests.xctest */,
				D2D6E6321E55AD1300DB39B9 /* SDGMemoryGameUITests.xctest */,
			);
			name = Products;
			sourceTree = "<group>";
		};
		D2D6E6101E55AD1200DB39B9 /* SDGMemoryGame */ = {
			isa = PBXGroup;
			children = (
				D2C8C0A51E90E56100DC7B7A /* ShareSDK */,
				D26987711E699D120096B8B7 /* Tools */,
				D26987701E699CE90096B8B7 /* Controller */,
				D269876F1E699CE30096B8B7 /* View */,
				D269876E1E699CD90096B8B7 /* Model */,
				D2D6E6141E55AD1200DB39B9 /* AppDelegate.h */,
				D2D6E6151E55AD1300DB39B9 /* AppDelegate.m */,
				D2D6E61A1E55AD1300DB39B9 /* Main.storyboard */,
				D2D6E61D1E55AD1300DB39B9 /* Assets.xcassets */,
				D2D6E61F1E55AD1300DB39B9 /* LaunchScreen.storyboard */,
				D2D6E6221E55AD1300DB39B9 /* Info.plist */,
				D2D6E6111E55AD1200DB39B9 /* Supporting Files */,
			);
			path = SDGMemoryGame;
			sourceTree = "<group>";
		};
		D2D6E6111E55AD1200DB39B9 /* Supporting Files */ = {
			isa = PBXGroup;
			children = (
				D2C8C0EF1E90F0BB00DC7B7A /* share.png */,
				D2DC08D91E73C50700D0B04D /* matched.mp3 */,
				D2DC08D51E73C3B500D0B04D /* close.mp3 */,
				D2DC08D61E73C3B500D0B04D /* open.mp3 */,
				D24136FD1E6ADF9A00690921 /* bg.mp3 */,
				D282E4111E6828E100527E38 /* MarkerFelt.ttf */,
				D2D6E6121E55AD1200DB39B9 /* main.m */,
				D2D6E64E1E56CC5300DB39B9 /* SDGPrefix.pch */,
			);
			name = "Supporting Files";
			sourceTree = "<group>";
		};
		D2D6E62A1E55AD1300DB39B9 /* SDGMemoryGameTests */ = {
			isa = PBXGroup;
			children = (
				D2D6E62B1E55AD1300DB39B9 /* SDGMemoryGameTests.m */,
				D2D6E62D1E55AD1300DB39B9 /* Info.plist */,
			);
			path = SDGMemoryGameTests;
			sourceTree = "<group>";
		};
		D2D6E6351E55AD1300DB39B9 /* SDGMemoryGameUITests */ = {
			isa = PBXGroup;
			children = (
				D2D6E6361E55AD1300DB39B9 /* SDGMemoryGameUITests.m */,
				D2D6E6381E55AD1300DB39B9 /* Info.plist */,
			);
			path = SDGMemoryGameUITests;
			sourceTree = "<group>";
		};
/* End PBXGroup section */

/* Begin PBXNativeTarget section */
		D2D6E60D1E55AD1200DB39B9 /* SDGMemoryGame */ = {
			isa = PBXNativeTarget;
			buildConfigurationList = D2D6E63B1E55AD1300DB39B9 /* Build configuration list for PBXNativeTarget "SDGMemoryGame" */;
			buildPhases = (
				D2D6E60A1E55AD1200DB39B9 /* Sources */,
				D2D6E60B1E55AD1200DB39B9 /* Frameworks */,
				D2D6E60C1E55AD1200DB39B9 /* Resources */,
			);
			buildRules = (
			);
			dependencies = (
			);
			name = SDGMemoryGame;
			productName = SDGMemoryGame;
			productReference = D2D6E60E1E55AD1200DB39B9 /* SDGMemoryGame.app */;
			productType = "com.apple.product-type.application";
		};
		D2D6E6261E55AD1300DB39B9 /* SDGMemoryGameTests */ = {
			isa = PBXNativeTarget;
			buildConfigurationList = D2D6E63E1E55AD1300DB39B9 /* Build configuration list for PBXNativeTarget "SDGMemoryGameTests" */;
			buildPhases = (
				D2D6E6231E55AD1300DB39B9 /* Sources */,
				D2D6E6241E55AD1300DB39B9 /* Frameworks */,
				D2D6E6251E55AD1300DB39B9 /* Resources */,
			);
			buildRules = (
			);
			dependencies = (
				D2D6E6291E55AD1300DB39B9 /* PBXTargetDependency */,
			);
			name = SDGMemoryGameTests;
			productName = SDGMemoryGameTests;
			productReference = D2D6E6271E55AD1300DB39B9 /* SDGMemoryGameTests.xctest */;
			productType = "com.apple.product-type.bundle.unit-test";
		};
		D2D6E6311E55AD1300DB39B9 /* SDGMemoryGameUITests */ = {
			isa = PBXNativeTarget;
			buildConfigurationList = D2D6E6411E55AD1300DB39B9 /* Build configuration list for PBXNativeTarget "SDGMemoryGameUITests" */;
			buildPhases = (
				D2D6E62E1E55AD1300DB39B9 /* Sources */,
				D2D6E62F1E55AD1300DB39B9 /* Frameworks */,
				D2D6E6301E55AD1300DB39B9 /* Resources */,
			);
			buildRules = (
			);
			dependencies = (
				D2D6E6341E55AD1300DB39B9 /* PBXTargetDependency */,
			);
			name = SDGMemoryGameUITests;
			productName = SDGMemoryGameUITests;
			productReference = D2D6E6321E55AD1300DB39B9 /* SDGMemoryGameUITests.xctest */;
			productType = "com.apple.product-type.bundle.ui-testing";
		};
/* End PBXNativeTarget section */

/* Begin PBXProject section */
		D2D6E6061E55AD1200DB39B9 /* Project object */ = {
			isa = PBXProject;
			attributes = {
				LastUpgradeCheck = 0820;
				ORGANIZATIONNAME = "Xinhou Jiang";
				TargetAttributes = {
					D2D6E60D1E55AD1200DB39B9 = {
						CreatedOnToolsVersion = 8.2.1;
						DevelopmentTeam = C6G3U74T9Y;
						ProvisioningStyle = Automatic;
					};
					D2D6E6261E55AD1300DB39B9 = {
						CreatedOnToolsVersion = 8.2.1;
						DevelopmentTeam = V4SYMZQA29;
						ProvisioningStyle = Automatic;
						TestTargetID = D2D6E60D1E55AD1200DB39B9;
					};
					D2D6E6311E55AD1300DB39B9 = {
						CreatedOnToolsVersion = 8.2.1;
						DevelopmentTeam = V4SYMZQA29;
						ProvisioningStyle = Automatic;
						TestTargetID = D2D6E60D1E55AD1200DB39B9;
					};
				};
			};
			buildConfigurationList = D2D6E6091E55AD1200DB39B9 /* Build configuration list for PBXProject "SDGMemoryGame" */;
			compatibilityVersion = "Xcode 3.2";
			developmentRegion = English;
			hasScannedForEncodings = 0;
			knownRegions = (
				en,
				Base,
			);
			mainGroup = D2D6E6051E55AD1200DB39B9;
			productRefGroup = D2D6E60F1E55AD1200DB39B9 /* Products */;
			projectDirPath = "";
			projectRoot = "";
			targets = (
				D2D6E60D1E55AD1200DB39B9 /* SDGMemoryGame */,
				D2D6E6261E55AD1300DB39B9 /* SDGMemoryGameTests */,
				D2D6E6311E55AD1300DB39B9 /* SDGMemoryGameUITests */,
			);
		};
/* End PBXProject section */

/* Begin PBXResourcesBuildPhase section */
		D2D6E60C1E55AD1200DB39B9 /* Resources */ = {
			isa = PBXResourcesBuildPhase;
			buildActionMask = 2147483647;
			files = (
				D2C8C0DD1E90E61500DC7B7A /* ShareSDKConfigFile.bundle in Resources */,
				D282E4121E68297000527E38 /* MarkerFelt.ttf in Resources */,
				D2DC08D81E73C3B500D0B04D /* open.mp3 in Resources */,
				D2D6E6211E55AD1300DB39B9 /* LaunchScreen.storyboard in Resources */,
				D2C8C0F01E90F0BB00DC7B7A /* share.png in Resources */,
				D2C8C0CD1E90E5EA00DC7B7A /* README.txt in Resources */,
				D2D6E61E1E55AD1300DB39B9 /* Assets.xcassets in Resources */,
				D2DC08D71E73C3B500D0B04D /* close.mp3 in Resources */,
				D2C8C0E01E90E61500DC7B7A /* ShareSDKUI.bundle in Resources */,
				D2D6E61C1E55AD1300DB39B9 /* Main.storyboard in Resources */,
				D2DC08DA1E73C50700D0B04D /* matched.mp3 in Resources */,
				D2C8C0AD1E90E58B00DC7B7A /* ShareSDK.bundle in Resources */,
				D2C8C0CA1E90E5EA00DC7B7A /* WeiboSDK.bundle in Resources */,
				D2C8C0C81E90E5EA00DC7B7A /* TencentOpenApi_IOS_Bundle.bundle in Resources */,
				D2C8C0CC1E90E5EA00DC7B7A /* read_me.txt in Resources */,
				D24136FE1E6ADF9B00690921 /* bg.mp3 in Resources */,
			);
			runOnlyForDeploymentPostprocessing = 0;
		};
		D2D6E6251E55AD1300DB39B9 /* Resources */ = {
			isa = PBXResourcesBuildPhase;
			buildActionMask = 2147483647;
			files = (
			);
			runOnlyForDeploymentPostprocessing = 0;
		};
		D2D6E6301E55AD1300DB39B9 /* Resources */ = {
			isa = PBXResourcesBuildPhase;
			buildActionMask = 2147483647;
			files = (
			);
			runOnlyForDeploymentPostprocessing = 0;
		};
/* End PBXResourcesBuildPhase section */

/* Begin PBXSourcesBuildPhase section */
		D2D6E60A1E55AD1200DB39B9 /* Sources */ = {
			isa = PBXSourcesBuildPhase;
			buildActionMask = 2147483647;
			files = (
				D232F1561E76CF05002D24DB /* NSObject+MJCoding.m in Sources */,
				D232F1541E76CF05002D24DB /* MJPropertyType.m in Sources */,
				D232F1501E76CF05002D24DB /* MJExtensionConst.m in Sources */,
				D232F1531E76CF05002D24DB /* MJPropertyKey.m in Sources */,
				D232F1571E76CF05002D24DB /* NSObject+MJKeyValue.m in Sources */,
				D29A81A81E779E9F00E80960 /* SDGSoundPlayer.m in Sources */,
				D26987751E699D820096B8B7 /* SDGTransitionViewController.m in Sources */,
				D260DB631E6430FB0008115E /* SDGButton.m in Sources */,
				D232F1511E76CF05002D24DB /* MJFoundation.m in Sources */,
				D232F1591E76CF05002D24DB /* NSString+MJExtension.m in Sources */,
				D2E7B24B1E79514C0051009C /* SDGRankTableViewController.m in Sources */,
				D232F1521E76CF05002D24DB /* MJProperty.m in Sources */,
				D29A81B61E77D21000E80960 /* SDGRankViewController.m in Sources */,
				D29A81B31E77CE5E00E80960 /* SDGViewController.m in Sources */,
				D232F15C1E76D254002D24DB /* GameRecord.m in Sources */,
				D23E61DF1E58331200E3870C /* SDGImage.m in Sources */,
				D232F1391E755D50002D24DB /* PlayerRecord.m in Sources */,
				D2D6E64C1E55EADF00DB39B9 /* GameViewController.m in Sources */,
				D2D6E65D1E56F81700DB39B9 /* MenuViewController.m in Sources */,
				D232F1581E76CF05002D24DB /* NSObject+MJProperty.m in Sources */,
				D21A2B051E66B1140041AA98 /* UILabel+DynamicFontSize.m in Sources */,
				D2D6E6161E55AD1300DB39B9 /* AppDelegate.m in Sources */,
				D29A81B01E77C1AD00E80960 /* SDGAnimation.m in Sources */,
				D232F1551E76CF05002D24DB /* NSObject+MJClass.m in Sources */,
				D2D6E6131E55AD1200DB39B9 /* main.m in Sources */,
			);
			runOnlyForDeploymentPostprocessing = 0;
		};
		D2D6E6231E55AD1300DB39B9 /* Sources */ = {
			isa = PBXSourcesBuildPhase;
			buildActionMask = 2147483647;
			files = (
				D2D6E62C1E55AD1300DB39B9 /* SDGMemoryGameTests.m in Sources */,
			);
			runOnlyForDeploymentPostprocessing = 0;
		};
		D2D6E62E1E55AD1300DB39B9 /* Sources */ = {
			isa = PBXSourcesBuildPhase;
			buildActionMask = 2147483647;
			files = (
				D2D6E6371E55AD1300DB39B9 /* SDGMemoryGameUITests.m in Sources */,
			);
			runOnlyForDeploymentPostprocessing = 0;
		};
/* End PBXSourcesBuildPhase section */

/* Begin PBXTargetDependency section */
		D2D6E6291E55AD1300DB39B9 /* PBXTargetDependency */ = {
			isa = PBXTargetDependency;
			target = D2D6E60D1E55AD1200DB39B9 /* SDGMemoryGame */;
			targetProxy = D2D6E6281E55AD1300DB39B9 /* PBXContainerItemProxy */;
		};
		D2D6E6341E55AD1300DB39B9 /* PBXTargetDependency */ = {
			isa = PBXTargetDependency;
			target = D2D6E60D1E55AD1200DB39B9 /* SDGMemoryGame */;
			targetProxy = D2D6E6331E55AD1300DB39B9 /* PBXContainerItemProxy */;
		};
/* End PBXTargetDependency section */

/* Begin PBXVariantGroup section */
		D2D6E61A1E55AD1300DB39B9 /* Main.storyboard */ = {
			isa = PBXVariantGroup;
			children = (
				D2D6E61B1E55AD1300DB39B9 /* Base */,
			);
			name = Main.storyboard;
			sourceTree = "<group>";
		};
		D2D6E61F1E55AD1300DB39B9 /* LaunchScreen.storyboard */ = {
			isa = PBXVariantGroup;
			children = (
				D2D6E6201E55AD1300DB39B9 /* Base */,
			);
			name = LaunchScreen.storyboard;
			sourceTree = "<group>";
		};
/* End PBXVariantGroup section */

/* Begin XCBuildConfiguration section */
		D2D6E6391E55AD1300DB39B9 /* Debug */ = {
			isa = XCBuildConfiguration;
			buildSettings = {
				ALWAYS_SEARCH_USER_PATHS = NO;
				CLANG_ANALYZER_LOCALIZABILITY_NONLOCALIZED = YES;
				CLANG_ANALYZER_NONNULL = YES;
				CLANG_CXX_LANGUAGE_STANDARD = "gnu++0x";
				CLANG_CXX_LIBRARY = "libc++";
				CLANG_ENABLE_MODULES = YES;
				CLANG_ENABLE_OBJC_ARC = YES;
				CLANG_WARN_BOOL_CONVERSION = YES;
				CLANG_WARN_CONSTANT_CONVERSION = YES;
				CLANG_WARN_DIRECT_OBJC_ISA_USAGE = YES_ERROR;
				CLANG_WARN_DOCUMENTATION_COMMENTS = YES;
				CLANG_WARN_EMPTY_BODY = YES;
				CLANG_WARN_ENUM_CONVERSION = YES;
				CLANG_WARN_INFINITE_RECURSION = YES;
				CLANG_WARN_INT_CONVERSION = YES;
				CLANG_WARN_OBJC_ROOT_CLASS = YES_ERROR;
				CLANG_WARN_SUSPICIOUS_MOVE = YES;
				CLANG_WARN_UNREACHABLE_CODE = YES;
				CLANG_WARN__DUPLICATE_METHOD_MATCH = YES;
				"CODE_SIGN_IDENTITY[sdk=iphoneos*]" = "iPhone Developer";
				COPY_PHASE_STRIP = NO;
				DEBUG_INFORMATION_FORMAT = dwarf;
				ENABLE_BITCODE = NO;
				ENABLE_STRICT_OBJC_MSGSEND = YES;
				ENABLE_TESTABILITY = YES;
				GCC_C_LANGUAGE_STANDARD = gnu99;
				GCC_DYNAMIC_NO_PIC = NO;
				GCC_NO_COMMON_BLOCKS = YES;
				GCC_OPTIMIZATION_LEVEL = 0;
				GCC_PREPROCESSOR_DEFINITIONS = (
					"DEBUG=1",
					"$(inherited)",
				);
				GCC_WARN_64_TO_32_BIT_CONVERSION = YES;
				GCC_WARN_ABOUT_RETURN_TYPE = YES_ERROR;
				GCC_WARN_UNDECLARED_SELECTOR = YES;
				GCC_WARN_UNINITIALIZED_AUTOS = YES_AGGRESSIVE;
				GCC_WARN_UNUSED_FUNCTION = YES;
				GCC_WARN_UNUSED_VARIABLE = YES;
				IPHONEOS_DEPLOYMENT_TARGET = 10.2;
				MTL_ENABLE_DEBUG_INFO = YES;
				ONLY_ACTIVE_ARCH = YES;
				OTHER_LDFLAGS = "-ObjC";
				SDKROOT = iphoneos;
				TARGETED_DEVICE_FAMILY = "1,2";
			};
			name = Debug;
		};
		D2D6E63A1E55AD1300DB39B9 /* Release */ = {
			isa = XCBuildConfiguration;
			buildSettings = {
				ALWAYS_SEARCH_USER_PATHS = NO;
				CLANG_ANALYZER_LOCALIZABILITY_NONLOCALIZED = YES;
				CLANG_ANALYZER_NONNULL = YES;
				CLANG_CXX_LANGUAGE_STANDARD = "gnu++0x";
				CLANG_CXX_LIBRARY = "libc++";
				CLANG_ENABLE_MODULES = YES;
				CLANG_ENABLE_OBJC_ARC = YES;
				CLANG_WARN_BOOL_CONVERSION = YES;
				CLANG_WARN_CONSTANT_CONVERSION = YES;
				CLANG_WARN_DIRECT_OBJC_ISA_USAGE = YES_ERROR;
				CLANG_WARN_DOCUMENTATION_COMMENTS = YES;
				CLANG_WARN_EMPTY_BODY = YES;
				CLANG_WARN_ENUM_CONVERSION = YES;
				CLANG_WARN_INFINITE_RECURSION = YES;
				CLANG_WARN_INT_CONVERSION = YES;
				CLANG_WARN_OBJC_ROOT_CLASS = YES_ERROR;
				CLANG_WARN_SUSPICIOUS_MOVE = YES;
				CLANG_WARN_UNREACHABLE_CODE = YES;
				CLANG_WARN__DUPLICATE_METHOD_MATCH = YES;
				"CODE_SIGN_IDENTITY[sdk=iphoneos*]" = "iPhone Developer";
				COPY_PHASE_STRIP = NO;
				DEBUG_INFORMATION_FORMAT = "dwarf-with-dsym";
				ENABLE_BITCODE = NO;
				ENABLE_NS_ASSERTIONS = NO;
				ENABLE_STRICT_OBJC_MSGSEND = YES;
				GCC_C_LANGUAGE_STANDARD = gnu99;
				GCC_NO_COMMON_BLOCKS = YES;
				GCC_WARN_64_TO_32_BIT_CONVERSION = YES;
				GCC_WARN_ABOUT_RETURN_TYPE = YES_ERROR;
				GCC_WARN_UNDECLARED_SELECTOR = YES;
				GCC_WARN_UNINITIALIZED_AUTOS = YES_AGGRESSIVE;
				GCC_WARN_UNUSED_FUNCTION = YES;
				GCC_WARN_UNUSED_VARIABLE = YES;
				IPHONEOS_DEPLOYMENT_TARGET = 10.2;
				MTL_ENABLE_DEBUG_INFO = NO;
				OTHER_LDFLAGS = "-ObjC";
				SDKROOT = iphoneos;
				TARGETED_DEVICE_FAMILY = "1,2";
				VALIDATE_PRODUCT = YES;
			};
			name = Release;
		};
		D2D6E63C1E55AD1300DB39B9 /* Debug */ = {
			isa = XCBuildConfiguration;
			buildSettings = {
				ASSETCATALOG_COMPILER_APPICON_NAME = AppIcon;
				DEVELOPMENT_TEAM = C6G3U74T9Y;
				FRAMEWORK_SEARCH_PATHS = (
					"$(inherited)",
					"$(PROJECT_DIR)/SDGMemoryGame",
					"$(PROJECT_DIR)/SDGMemoryGame/PlatformSDK/QQSDK",
					"$(PROJECT_DIR)/SDGMemoryGame/PlatformSDK/PlatformConnector",
					"$(PROJECT_DIR)/SDGMemoryGame/Optional",
				);
				GCC_PREFIX_HEADER = /Users/xinhoujiang/Desktop/Git/SDGMemoryGame/SDGMemoryGame/SDGPrefix.pch;
				INFOPLIST_FILE = SDGMemoryGame/Info.plist;
				IPHONEOS_DEPLOYMENT_TARGET = 8.0;
				LD_RUNPATH_SEARCH_PATHS = "$(inherited) @executable_path/Frameworks";
				LIBRARY_SEARCH_PATHS = (
					"$(inherited)",
					"$(PROJECT_DIR)/SDGMemoryGame/PlatformSDK/SinaWeiboSDK",
					"$(PROJECT_DIR)/SDGMemoryGame/PlatformSDK/WeChatSDK",
				);
				PRODUCT_BUNDLE_IDENTIFIER = MeoryGame;
				PRODUCT_NAME = "$(TARGET_NAME)";
			};
			name = Debug;
		};
		D2D6E63D1E55AD1300DB39B9 /* Release */ = {
			isa = XCBuildConfiguration;
			buildSettings = {
				ASSETCATALOG_COMPILER_APPICON_NAME = AppIcon;
				DEVELOPMENT_TEAM = C6G3U74T9Y;
				FRAMEWORK_SEARCH_PATHS = (
					"$(inherited)",
					"$(PROJECT_DIR)/SDGMemoryGame",
					"$(PROJECT_DIR)/SDGMemoryGame/PlatformSDK/QQSDK",
					"$(PROJECT_DIR)/SDGMemoryGame/PlatformSDK/PlatformConnector",
					"$(PROJECT_DIR)/SDGMemoryGame/Optional",
				);
				GCC_PREFIX_HEADER = /Users/xinhoujiang/Desktop/Git/SDGMemoryGame/SDGMemoryGame/SDGPrefix.pch;
				INFOPLIST_FILE = SDGMemoryGame/Info.plist;
				IPHONEOS_DEPLOYMENT_TARGET = 8.0;
				LD_RUNPATH_SEARCH_PATHS = "$(inherited) @executable_path/Frameworks";
				LIBRARY_SEARCH_PATHS = (
					"$(inherited)",
					"$(PROJECT_DIR)/SDGMemoryGame/PlatformSDK/SinaWeiboSDK",
					"$(PROJECT_DIR)/SDGMemoryGame/PlatformSDK/WeChatSDK",
				);
				PRODUCT_BUNDLE_IDENTIFIER = MeoryGame;
				PRODUCT_NAME = "$(TARGET_NAME)";
			};
			name = Release;
		};
		D2D6E63F1E55AD1300DB39B9 /* Debug */ = {
			isa = XCBuildConfiguration;
			buildSettings = {
				BUNDLE_LOADER = "$(TEST_HOST)";
				DEVELOPMENT_TEAM = V4SYMZQA29;
				GCC_PREFIX_HEADER = /Users/xinhoujiang/Desktop/Xcode/SDGMemoryGame/SDGMemoryGame/SDGPrefix.pch;
				INFOPLIST_FILE = SDGMemoryGameTests/Info.plist;
				LD_RUNPATH_SEARCH_PATHS = "$(inherited) @executable_path/Frameworks @loader_path/Frameworks";
				PRODUCT_BUNDLE_IDENTIFIER = jiangxh.SDGMemoryGameTests;
				PRODUCT_NAME = "$(TARGET_NAME)";
				TEST_HOST = "$(BUILT_PRODUCTS_DIR)/SDGMemoryGame.app/SDGMemoryGame";
			};
			name = Debug;
		};
		D2D6E6401E55AD1300DB39B9 /* Release */ = {
			isa = XCBuildConfiguration;
			buildSettings = {
				BUNDLE_LOADER = "$(TEST_HOST)";
				DEVELOPMENT_TEAM = V4SYMZQA29;
				GCC_PREFIX_HEADER = /Users/xinhoujiang/Desktop/Xcode/SDGMemoryGame/SDGMemoryGame/SDGPrefix.pch;
				INFOPLIST_FILE = SDGMemoryGameTests/Info.plist;
				LD_RUNPATH_SEARCH_PATHS = "$(inherited) @executable_path/Frameworks @loader_path/Frameworks";
				PRODUCT_BUNDLE_IDENTIFIER = jiangxh.SDGMemoryGameTests;
				PRODUCT_NAME = "$(TARGET_NAME)";
				TEST_HOST = "$(BUILT_PRODUCTS_DIR)/SDGMemoryGame.app/SDGMemoryGame";
			};
			name = Release;
		};
		D2D6E6421E55AD1300DB39B9 /* Debug */ = {
			isa = XCBuildConfiguration;
			buildSettings = {
				DEVELOPMENT_TEAM = V4SYMZQA29;
				GCC_PREFIX_HEADER = /SDGPrefix.pch;
				INFOPLIST_FILE = SDGMemoryGameUITests/Info.plist;
				LD_RUNPATH_SEARCH_PATHS = "$(inherited) @executable_path/Frameworks @loader_path/Frameworks";
				PRODUCT_BUNDLE_IDENTIFIER = jiangxh.SDGMemoryGameUITests;
				PRODUCT_NAME = "$(TARGET_NAME)";
				TEST_TARGET_NAME = SDGMemoryGame;
			};
			name = Debug;
		};
		D2D6E6431E55AD1300DB39B9 /* Release */ = {
			isa = XCBuildConfiguration;
			buildSettings = {
				DEVELOPMENT_TEAM = V4SYMZQA29;
				GCC_PREFIX_HEADER = /SDGPrefix.pch;
				INFOPLIST_FILE = SDGMemoryGameUITests/Info.plist;
				LD_RUNPATH_SEARCH_PATHS = "$(inherited) @executable_path/Frameworks @loader_path/Frameworks";
				PRODUCT_BUNDLE_IDENTIFIER = jiangxh.SDGMemoryGameUITests;
				PRODUCT_NAME = "$(TARGET_NAME)";
				TEST_TARGET_NAME = SDGMemoryGame;
			};
			name = Release;
		};
/* End XCBuildConfiguration section */

/* Begin XCConfigurationList section */
		D2D6E6091E55AD1200DB39B9 /* Build configuration list for PBXProject "SDGMemoryGame" */ = {
			isa = XCConfigurationList;
			buildConfigurations = (
				D2D6E6391E55AD1300DB39B9 /* Debug */,
				D2D6E63A1E55AD1300DB39B9 /* Release */,
			);
			defaultConfigurationIsVisible = 0;
			defaultConfigurationName = Release;
		};
		D2D6E63B1E55AD1300DB39B9 /* Build configuration list for PBXNativeTarget "SDGMemoryGame" */ = {
			isa = XCConfigurationList;
			buildConfigurations = (
				D2D6E63C1E55AD1300DB39B9 /* Debug */,
				D2D6E63D1E55AD1300DB39B9 /* Release */,
			);
			defaultConfigurationIsVisible = 0;
			defaultConfigurationName = Release;
		};
		D2D6E63E1E55AD1300DB39B9 /* Build configuration list for PBXNativeTarget "SDGMemoryGameTests" */ = {
			isa = XCConfigurationList;
			buildConfigurations = (
				D2D6E63F1E55AD1300DB39B9 /* Debug */,
				D2D6E6401E55AD1300DB39B9 /* Release */,
			);
			defaultConfigurationIsVisible = 0;
			defaultConfigurationName = Release;
		};
		D2D6E6411E55AD1300DB39B9 /* Build configuration list for PBXNativeTarget "SDGMemoryGameUITests" */ = {
			isa = XCConfigurationList;
			buildConfigurations = (
				D2D6E6421E55AD1300DB39B9 /* Debug */,
				D2D6E6431E55AD1300DB39B9 /* Release */,
			);
			defaultConfigurationIsVisible = 0;
			defaultConfigurationName = Release;
		};
/* End XCConfigurationList section */
	};
	rootObject = D2D6E6061E55AD1200DB39B9 /* Project object */;
}
